{
  "lockfileVersion": 1,
  "workspaces": {
    "": {
      "name": "vector",
      "dependencies": {
        "itty-router": "^5.0.0",
      },
      "devDependencies": {
        "@oxlint/darwin-arm64": "^1.16.0",
        "@oxlint/darwin-x64": "^1.16.0",
        "@types/bun": "latest",
        "oxlint": "^1.15.0",
        "typescript": "^5.0.0",
      },
      "peerDependencies": {
        "bun": ">=1.0.0",
      },
    },
  },
  "packages": {
    "@oven/bun-darwin-aarch64": ["@oven/bun-darwin-aarch64@1.2.21", "", { "os": "darwin", "cpu": "arm64" }, "sha512-SihfZ3czKeWz6Z3m5rUDrMlarwOXjnkUg+7tIiSB9VZCFSvWEItMfdAF170eCXxZmEh7A1dw20a3lW37lkmlrA=="],

    "@oven/bun-darwin-x64": ["@oven/bun-darwin-x64@1.2.21", "", { "os": "darwin", "cpu": "x64" }, "sha512-iXr4y2ap6EmME7/EDoLMxSRKAh9yswKfrHDb9sF+ExHbk1C+XsNGxMY73ckQe2w0SIH6NXz2cRMTORbZ8LNjig=="],

    "@oven/bun-darwin-x64-baseline": ["@oven/bun-darwin-x64-baseline@1.2.21", "", { "os": "darwin", "cpu": "x64" }, "sha512-3KeslC5z3vpXxluYBqh6EDwojxTSyWJQeYPJFf7y/Z5QJuAN7g33l8jrx072X8P/G8CBzU1lJky14vhhnqWd7A=="],

    "@oven/bun-linux-aarch64": ["@oven/bun-linux-aarch64@1.2.21", "", { "os": "linux", "cpu": "arm64" }, "sha512-jpUFKGUpim4h4KOqI1VYYgvifZVrWNQZFrmVPfSqGb0ZzF/p5L2qc9Hy2aUL3Lo+zHMPylwbe0iLKElPYk0xoQ=="],

    "@oven/bun-linux-aarch64-musl": ["@oven/bun-linux-aarch64-musl@1.2.21", "", { "os": "linux", "cpu": "none" }, "sha512-7UoUHKACYDin3iR6kdqUrF1AOCCjTHPTv1xmzlX4rzwNQvFYSAR83AMrY7hkatKGzLYkI8EjXDAvFJpwF+ZxoA=="],

    "@oven/bun-linux-x64": ["@oven/bun-linux-x64@1.2.21", "", { "os": "linux", "cpu": "x64" }, "sha512-6RuXFaVU2ve0TVw1vfFo7ix/jh9IX7mMAEhwE2odX8EdX/ea55upiivYQ/EKeXt+Ij3STc2bCeV4vvRoEJAHdg=="],

    "@oven/bun-linux-x64-baseline": ["@oven/bun-linux-x64-baseline@1.2.21", "", { "os": "linux", "cpu": "x64" }, "sha512-oZ5FUMfeghwbQcL9oxajsKjwVI+1GnVvxcJ3z+pifuXaLMZr25NCr5h0q2j+ZxEFL3RtL/Pyj8/HLfzGEIVAVg=="],

    "@oven/bun-linux-x64-musl": ["@oven/bun-linux-x64-musl@1.2.21", "", { "os": "linux", "cpu": "x64" }, "sha512-ioZjU+2yyLJXaDA8FKoy+tj/fuZKovG9EMp+n9+EG7g3MULbe5nU8gdsS/dET28WzuPlDlSkqF8EUocvg4HajQ=="],

    "@oven/bun-linux-x64-musl-baseline": ["@oven/bun-linux-x64-musl-baseline@1.2.21", "", { "os": "linux", "cpu": "x64" }, "sha512-0NzMg4XdXgujDM2jZogiV6MgACXW0a0NfB+o6fxwmUzdmMBUk1ZMRzypUi4XKjGUe89mYcPJcVFQRRnNwzTK/Q=="],

    "@oven/bun-windows-x64": ["@oven/bun-windows-x64@1.2.21", "", { "os": "win32", "cpu": "x64" }, "sha512-DZVCXrZGN/B4JnVnieZin1Kxse1wOkf+Fm2hDGpZHzs27ECbw5xPMFIc0r/oCpxTc/InxuvYO9UGoOmvhFaHsQ=="],

    "@oven/bun-windows-x64-baseline": ["@oven/bun-windows-x64-baseline@1.2.21", "", { "os": "win32", "cpu": "x64" }, "sha512-sTnkLdThgsa6X8ib6eb3+zgy+CGJOibK6Th4wV2wmZFi5af6TM+digEi9i+q/X3nabGwPXm0V4vBiVpvcFilsA=="],

    "@oxlint/darwin-arm64": ["@oxlint/darwin-arm64@1.16.0", "", { "os": "darwin", "cpu": "arm64" }, "sha512-t9sBjbcG15Jgwgw2wY+rtfKEazdkKM/YhcdyjmGYeSjBXaczLfp/gZe03taC2qUHK+t6cxSYNkOLXRLWxaf3tw=="],

    "@oxlint/darwin-x64": ["@oxlint/darwin-x64@1.16.0", "", { "os": "darwin", "cpu": "x64" }, "sha512-c9aeLQATeu27TK8gR/p8GfRBsuakx0zs+6UHFq/s8Kux+8tYb3pH1pql/XWUPbxubv48F2MpnD5zgjOrShAgag=="],

    "@oxlint/linux-arm64-gnu": ["@oxlint/linux-arm64-gnu@1.15.0", "", { "os": "linux", "cpu": "arm64" }, "sha512-8uV0lAbmqp93KTBlJWyCdQWuxTzLn+QrDRidUaCLJjn65uvv8KlRhZJoZoyLh17X6U/cgezYktWTMiMhxX56BA=="],

    "@oxlint/linux-arm64-musl": ["@oxlint/linux-arm64-musl@1.15.0", "", { "os": "linux", "cpu": "arm64" }, "sha512-/+hTqh1J29+2GitKrWUHIYjQBM1szWSJ1U7OzQlgL+Uvf8jxg4sn1nV79LcPMXhC2t8lZy5EOXOgwIh92DsdhQ=="],

    "@oxlint/linux-x64-gnu": ["@oxlint/linux-x64-gnu@1.15.0", "", { "os": "linux", "cpu": "x64" }, "sha512-GzeY3AhUd49yV+/76Gw0pjpwUJwxCkwYAJTNe7fFTdWjEQ6M6g8ZzJg5FKtUvgA5sMgmfzHhvSXxvT57YhcXnA=="],

    "@oxlint/linux-x64-musl": ["@oxlint/linux-x64-musl@1.15.0", "", { "os": "linux", "cpu": "x64" }, "sha512-p/7+juizUOCpGYreFmdfmIOSSSE3+JfsgnXnOHuP8mqlZfiOeXyevyajuXpPNRM60+k0reGvlV7ezp1iFitF7w=="],

    "@oxlint/win32-arm64": ["@oxlint/win32-arm64@1.15.0", "", { "os": "win32", "cpu": "arm64" }, "sha512-2LaDLOtCMq+lzIQ63Eir3UJV/hQNlw01xtsij2L8sSxt4gA+zWvubOQJQIOPGMDxEKFcWT1lo/6YEXX/sNnZDA=="],

    "@oxlint/win32-x64": ["@oxlint/win32-x64@1.15.0", "", { "os": "win32", "cpu": "x64" }, "sha512-+jgRPpZrFIcrNxCVsDIy6HVCRpKVDN0DHD8VJodjrsDv6heqhq/qCTa2IXY3R4glWe1nWQ5JgdFKLn3Bl+aLNg=="],

    "@types/bun": ["@types/bun@1.2.21", "", { "dependencies": { "bun-types": "1.2.21" } }, "sha512-NiDnvEqmbfQ6dmZ3EeUO577s4P5bf4HCTXtI6trMc6f6RzirY5IrF3aIookuSpyslFzrnvv2lmEWv5HyC1X79A=="],

    "@types/node": ["@types/node@24.3.1", "", { "dependencies": { "undici-types": "~7.10.0" } }, "sha512-3vXmQDXy+woz+gnrTvuvNrPzekOi+Ds0ReMxw0LzBiK3a+1k0kQn9f2NWk+lgD4rJehFUmYy2gMhJ2ZI+7YP9g=="],

    "@types/react": ["@types/react@19.1.12", "", { "dependencies": { "csstype": "^3.0.2" } }, "sha512-cMoR+FoAf/Jyq6+Df2/Z41jISvGZZ2eTlnsaJRptmZ76Caldwy1odD4xTr/gNV9VLj0AWgg/nmkevIyUfIIq5w=="],

    "bun": ["bun@1.2.21", "", { "optionalDependencies": { "@oven/bun-darwin-aarch64": "1.2.21", "@oven/bun-darwin-x64": "1.2.21", "@oven/bun-darwin-x64-baseline": "1.2.21", "@oven/bun-linux-aarch64": "1.2.21", "@oven/bun-linux-aarch64-musl": "1.2.21", "@oven/bun-linux-x64": "1.2.21", "@oven/bun-linux-x64-baseline": "1.2.21", "@oven/bun-linux-x64-musl": "1.2.21", "@oven/bun-linux-x64-musl-baseline": "1.2.21", "@oven/bun-windows-x64": "1.2.21", "@oven/bun-windows-x64-baseline": "1.2.21" }, "os": [ "linux", "win32", "darwin", ], "cpu": [ "x64", "arm64", ], "bin": { "bun": "bin/bun.exe", "bunx": "bin/bunx.exe" } }, "sha512-y0lJ02dS90U3PJm+7KAKY8Se95AQvP5Xm77LouUwrpNOHpv59kBG4SK1+9iE1cAhpUaFipq+0EJ56S6MmE3row=="],

    "bun-types": ["bun-types@1.2.21", "", { "dependencies": { "@types/node": "*" }, "peerDependencies": { "@types/react": "^19" } }, "sha512-sa2Tj77Ijc/NTLS0/Odjq/qngmEPZfbfnOERi0KRUYhT9R8M4VBioWVmMWE5GrYbKMc+5lVybXygLdibHaqVqw=="],

    "csstype": ["csstype@3.1.3", "", {}, "sha512-M1uQkMl8rQK/szD0LNhtqxIPLpimGm8sOBwU7lLnCpSbTyY3yeU1Vc7l4KT5zT4s/yOxHH5O7tIuuLOCnLADRw=="],

    "itty-router": ["itty-router@5.0.22", "", {}, "sha512-9hmdGErWdYDOurGYxSbqLhy4EFReIwk71hMZTJ5b+zfa2zjMNV1ftFno2b8VjAQvX615gNB8Qxbl9JMRqHnIVA=="],

    "oxlint": ["oxlint@1.15.0", "", { "optionalDependencies": { "@oxlint/darwin-arm64": "1.15.0", "@oxlint/darwin-x64": "1.15.0", "@oxlint/linux-arm64-gnu": "1.15.0", "@oxlint/linux-arm64-musl": "1.15.0", "@oxlint/linux-x64-gnu": "1.15.0", "@oxlint/linux-x64-musl": "1.15.0", "@oxlint/win32-arm64": "1.15.0", "@oxlint/win32-x64": "1.15.0" }, "peerDependencies": { "oxlint-tsgolint": ">=0.2.0" }, "optionalPeers": ["oxlint-tsgolint"], "bin": { "oxlint": "bin/oxlint", "oxc_language_server": "bin/oxc_language_server" } }, "sha512-GZngkdF2FabM0pp0/l5OOhIQg+9L6LmOrmS8V8Vg+Swv9/VLJd/oc/LtAkv4HO45BNWL3EVaXzswI0CmGokVzw=="],

    "typescript": ["typescript@5.9.2", "", { "bin": { "tsc": "bin/tsc", "tsserver": "bin/tsserver" } }, "sha512-CWBzXQrc/qOkhidw1OzBTQuYRbfyxDXJMVJ1XNwUHGROVmuaeiEm3OslpZ1RV96d7SKKjZKrSJu3+t/xlw3R9A=="],

    "undici-types": ["undici-types@7.10.0", "", {}, "sha512-t5Fy/nfn+14LuOc2KNYg75vZqClpAiqscVvMygNnlsHBFpSXdJaYtXMcdNLpl/Qvc3P2cB3s6lOV51nqsFq4ag=="],

    "oxlint/@oxlint/darwin-arm64": ["@oxlint/darwin-arm64@1.15.0", "", { "os": "darwin", "cpu": "arm64" }, "sha512-fwYg7WDKI6eAErREBGMXkIAOqBuBFN0LWbQJvVNXCGjywGxsisdwkHnNu4UG8IpHo4P71mUxf3l2xm+5Xiy+TA=="],

    "oxlint/@oxlint/darwin-x64": ["@oxlint/darwin-x64@1.15.0", "", { "os": "darwin", "cpu": "x64" }, "sha512-RtaAmB6NZZx4hvjCg6w35shzRY5fLclbMsToC92MTZ9lMDF9LotzcbyNHCZ1tvZb1tNPObpIsuX16BFeElF8nw=="],
  }
}
